lockfileVersion: '9.0'

settings:
  autoInstallPeers: true
  excludeLinksFromLockfile: false

importers:

  .:
    dependencies:
      preact:
        specifier: ^10.26.5
        version: 10.26.5
      preact-iso:
        specifier: ^2.9.1
        version: 2.9.1(preact-render-to-string@6.5.13(preact@10.26.5))(preact@10.26.5)
    devDependencies:
      '@biomejs/biome':
        specifier: ^1.9.4
        version: 1.9.4
      '@rsbuild/core':
        specifier: ^1.3.5
        version: 1.3.5
      '@rsbuild/plugin-preact':
        specifier: ^1.3.1
        version: 1.3.1(@rsbuild/core@1.3.5)(preact@10.26.5)
      typescript:
        specifier: ^5.8.3
        version: 5.8.3

packages:

  '@biomejs/biome@1.9.4':
    resolution: {integrity: sha512-1rkd7G70+o9KkTn5KLmDYXihGoTaIGO9PIIN2ZB7UJxFrWw04CZHPYiMRjYsaDvVV7hP1dYNRLxSANLaBFGpog==}
    engines: {node: '>=14.21.3'}
    hasBin: true

  '@biomejs/cli-darwin-arm64@1.9.4':
    resolution: {integrity: sha512-bFBsPWrNvkdKrNCYeAp+xo2HecOGPAy9WyNyB/jKnnedgzl4W4Hb9ZMzYNbf8dMCGmUdSavlYHiR01QaYR58cw==}
    engines: {node: '>=14.21.3'}
    cpu: [arm64]
    os: [darwin]

  '@biomejs/cli-darwin-x64@1.9.4':
    resolution: {integrity: sha512-ngYBh/+bEedqkSevPVhLP4QfVPCpb+4BBe2p7Xs32dBgs7rh9nY2AIYUL6BgLw1JVXV8GlpKmb/hNiuIxfPfZg==}
    engines: {node: '>=14.21.3'}
    cpu: [x64]
    os: [darwin]

  '@biomejs/cli-linux-arm64-musl@1.9.4':
    resolution: {integrity: sha512-v665Ct9WCRjGa8+kTr0CzApU0+XXtRgwmzIf1SeKSGAv+2scAlW6JR5PMFo6FzqqZ64Po79cKODKf3/AAmECqA==}
    engines: {node: '>=14.21.3'}
    cpu: [arm64]
    os: [linux]

  '@biomejs/cli-linux-arm64@1.9.4':
    resolution: {integrity: sha512-fJIW0+LYujdjUgJJuwesP4EjIBl/N/TcOX3IvIHJQNsAqvV2CHIogsmA94BPG6jZATS4Hi+xv4SkBBQSt1N4/g==}
    engines: {node: '>=14.21.3'}
    cpu: [arm64]
    os: [linux]

  '@biomejs/cli-linux-x64-musl@1.9.4':
    resolution: {integrity: sha512-gEhi/jSBhZ2m6wjV530Yy8+fNqG8PAinM3oV7CyO+6c3CEh16Eizm21uHVsyVBEB6RIM8JHIl6AGYCv6Q6Q9Tg==}
    engines: {node: '>=14.21.3'}
    cpu: [x64]
    os: [linux]

  '@biomejs/cli-linux-x64@1.9.4':
    resolution: {integrity: sha512-lRCJv/Vi3Vlwmbd6K+oQ0KhLHMAysN8lXoCI7XeHlxaajk06u7G+UsFSO01NAs5iYuWKmVZjmiOzJ0OJmGsMwg==}
    engines: {node: '>=14.21.3'}
    cpu: [x64]
    os: [linux]

  '@biomejs/cli-win32-arm64@1.9.4':
    resolution: {integrity: sha512-tlbhLk+WXZmgwoIKwHIHEBZUwxml7bRJgk0X2sPyNR3S93cdRq6XulAZRQJ17FYGGzWne0fgrXBKpl7l4M87Hg==}
    engines: {node: '>=14.21.3'}
    cpu: [arm64]
    os: [win32]

  '@biomejs/cli-win32-x64@1.9.4':
    resolution: {integrity: sha512-8Y5wMhVIPaWe6jw2H+KlEm4wP/f7EW3810ZLmDlrEEy5KvBsb9ECEfu/kMWD484ijfQ8+nIi0giMgu9g1UAuuA==}
    engines: {node: '>=14.21.3'}
    cpu: [x64]
    os: [win32]

  '@module-federation/error-codes@0.11.2':
    resolution: {integrity: sha512-ik1Qnn0I+WyEdprTck9WGlH41vGsVdUg8cfO+ZM02qOb2cZm5Vu3SlxGAobj6g7uAj0g8yINnd7h7Dci40BxQA==}

  '@module-federation/runtime-core@0.11.2':
    resolution: {integrity: sha512-dia5kKybi6MFU0s5PgglJwN27k7n9Sf69Cy5xZ4BWaP0qlaXTsxHKO0PECHNt2Pt8jDdyU29sQ4DwAQfxpnXJQ==}

  '@module-federation/runtime-tools@0.11.2':
    resolution: {integrity: sha512-4MJTGAxVq6vxQRkTtTlH7Mm9AVqgn0X9kdu+7RsL7T/qU+jeYsbrntN2CWG3GVVA8r5JddXyTI1iJ0VXQZLV1w==}

  '@module-federation/runtime@0.11.2':
    resolution: {integrity: sha512-Ya9u/L6z2LvhgpqxuKCB7LcigIIRf1BbaxAZIH7mzbq/A7rZtTP7v+73E433jvgiAlbAfPSZkeoYGele6hfRwA==}

  '@module-federation/sdk@0.11.2':
    resolution: {integrity: sha512-SBFe5xOamluT900J4AGBx+2/kCH/JbfqXoUwPSAC6PRzb8Y7LB0posnOGzmqYsLZXT37vp3d6AmJDsVoajDqxw==}

  '@module-federation/webpack-bundler-runtime@0.11.2':
    resolution: {integrity: sha512-WdwIE6QF+MKs/PdVu0cKPETF743JB9PZ62/qf7Uo3gU4fjsUMc37RnbJZ/qB60EaHHfjwp1v6NnhZw1r4eVsnw==}

  '@prefresh/core@1.5.3':
    resolution: {integrity: sha512-nDzxj0tA1/M6APNAWqaxkZ+3sTdPHESa+gol4+Bw7rMc2btWdkLoNH7j9rGhUb8SThC0Vz0VoXtq+U+9azGLHg==}
    peerDependencies:
      preact: ^10.0.0

  '@prefresh/utils@1.2.0':
    resolution: {integrity: sha512-KtC/fZw+oqtwOLUFM9UtiitB0JsVX0zLKNyRTA332sqREqSALIIQQxdUCS1P3xR/jT1e2e8/5rwH6gdcMLEmsQ==}

  '@rsbuild/core@1.3.5':
    resolution: {integrity: sha512-Fn6nJ4YvLO2UtFcoSPxgJoiUdS0Iix7X1BsyZ+DCj3SGpVCxp3Td9x58F5uhcRraMZFPB91wvcS/OabYwT3N2w==}
    engines: {node: '>=16.7.0'}
    hasBin: true

  '@rsbuild/plugin-preact@1.3.1':
    resolution: {integrity: sha512-gFkR00vxWpW2gZEk37kpeMERei9+g8nCrO76mblbqZ0/6e4LSTqKr6smljcHbCxKU8snFLecfURSvfsg7uQbsw==}
    peerDependencies:
      '@rsbuild/core': 1.x

  '@rspack/binding-darwin-arm64@1.3.3':
    resolution: {integrity: sha512-vbzEdpRCZl5+HXWsVjzSDqB9ZVIlqldV+udHp4YDD8qiwdQznVaBZke0eMzZ7kaInqRPsZ+UHQuVk6JaH/JkMQ==}
    cpu: [arm64]
    os: [darwin]

  '@rspack/binding-darwin-x64@1.3.3':
    resolution: {integrity: sha512-OXtY2s4nlYtUXkeJt8TQKKNIcN7PI8yDq0nqI75OfJoS4u1ZmRXJ8IMeSALLo8I+xD2RAF79tf7yhM/Y/AaiKQ==}
    cpu: [x64]
    os: [darwin]

  '@rspack/binding-linux-arm64-gnu@1.3.3':
    resolution: {integrity: sha512-Lluq3RLYzyCMdXr/HyALKEPGsr+196x8Ccuy5AmIRosOdWuwtSiomSRH1Ka8REUFNHfYy5y9SzfmIZo/E0QEmg==}
    cpu: [arm64]
    os: [linux]

  '@rspack/binding-linux-arm64-musl@1.3.3':
    resolution: {integrity: sha512-PIsicXWjOqzmoOutUqxpMNkCoKo+8/wxDyKxHFeu+5WIAxVFphe2d3H5qvEjc2MasWSdRmAVn9XiuIj2LIXFzA==}
    cpu: [arm64]
    os: [linux]

  '@rspack/binding-linux-x64-gnu@1.3.3':
    resolution: {integrity: sha512-BtksK73ZFdny2T/wU1x0kxBF4ruYUUArZDyeGfpO+vd/1nNYqzzdhGvOksKmtdvsO38ETr2gZ9+XZyr1vpy9uQ==}
    cpu: [x64]
    os: [linux]

  '@rspack/binding-linux-x64-musl@1.3.3':
    resolution: {integrity: sha512-jx86CxkTmyBz/eHDqZp1mCqBwY+UTEtaPlPoWFyGkJUR5ey6nQnxS+fhG34Rqz63chW+q/afwpGNGyALYdgc8g==}
    cpu: [x64]
    os: [linux]

  '@rspack/binding-win32-arm64-msvc@1.3.3':
    resolution: {integrity: sha512-uXAdDzajFToVrH3fCNVDP/uKQ9i5FQjJc2aYxsnhS9Su/CZB+UQsOecbq6MnIN2s0B9GBKBG8QdQEtS3RtC6Hg==}
    cpu: [arm64]
    os: [win32]

  '@rspack/binding-win32-ia32-msvc@1.3.3':
    resolution: {integrity: sha512-VBE6XsJ3IiAlozAywAIxAZ1Aqc2QVnEwBo0gP9998KkwL7wxB6Bg/OJnPbH3Q0ZaNWAQViC99rPC+5hSIdeSxw==}
    cpu: [ia32]
    os: [win32]

  '@rspack/binding-win32-x64-msvc@1.3.3':
    resolution: {integrity: sha512-rOsNz4/DFgSENjEh0t9kFn89feuXK14/9wbmmFlT8VMpYOCcj4tKcAHjWg+Nzzj4FL+NSOC/81SrUF9J+C2R7w==}
    cpu: [x64]
    os: [win32]

  '@rspack/binding@1.3.3':
    resolution: {integrity: sha512-zdwJ801tyC8k+Gu5RjNoc7bEtX0MgJzzVv9qpaMwcAUfUfwZgCzXPTqcGMDoNI+Z47Fw59/2fKCmgZhZn60AgA==}

  '@rspack/core@1.3.3':
    resolution: {integrity: sha512-+mXVlFcYr0tWezZfJ/gR0fj8njRc7pzEMtTFa2NO5cfsNAKPF/SXm4rb55kfa63r0b3U3N7f2nKrJG9wyG7zMQ==}
    engines: {node: '>=16.0.0'}
    peerDependencies:
      '@rspack/tracing': ^1.x
      '@swc/helpers': '>=0.5.1'
    peerDependenciesMeta:
      '@rspack/tracing':
        optional: true
      '@swc/helpers':
        optional: true

  '@rspack/lite-tapable@1.0.1':
    resolution: {integrity: sha512-VynGOEsVw2s8TAlLf/uESfrgfrq2+rcXB1muPJYBWbsm1Oa6r5qVQhjA5ggM6z/coYPrsVMgovl3Ff7Q7OCp1w==}
    engines: {node: '>=16.0.0'}

  '@rspack/plugin-preact-refresh@1.1.2':
    resolution: {integrity: sha512-smTjBS8d0ItLiCt96VvlEHvtYt5rEc5vvB1SxUiv4CdUusb90GXe9+nXyr7EMO+wU3A+kocrGLGnRKLHsgGHUg==}
    peerDependencies:
      '@prefresh/core': ^1.5.0
      '@prefresh/utils': ^1.2.0

  '@swc/counter@0.1.3':
    resolution: {integrity: sha512-e2BR4lsJkkRlKZ/qCHPw9ZaSxc0MVUd7gtbtaB7aMvHeJVYe8sOB8DBZkP2DtISHGSku9sCK6T6cnY0CtXrOCQ==}

  '@swc/helpers@0.5.15':
    resolution: {integrity: sha512-JQ5TuMi45Owi4/BIMAJBoSQoOJu12oOk/gADqlcUL9JEdHB8vyjUSsxqeNXnmXHjYKMi2WcYtezGEEhqUI/E2g==}

  '@swc/plugin-prefresh@6.3.2':
    resolution: {integrity: sha512-evMH0i3diqfyqx7JYwj5R/116Vamp5/WrgRYGTtDQWR4advYMLbBqAN+ap3t+rnl9Ug0zEvBMXMdiH79b+GseQ==}

  caniuse-lite@1.0.30001712:
    resolution: {integrity: sha512-MBqPpGYYdQ7/hfKiet9SCI+nmN5/hp4ZzveOJubl5DTAMa5oggjAuoi0Z4onBpKPFI2ePGnQuQIzF3VxDjDJig==}

  core-js@3.41.0:
    resolution: {integrity: sha512-SJ4/EHwS36QMJd6h/Rg+GyR4A5xE0FSI3eZ+iBVpfqf1x0eTSg1smWLHrA+2jQThZSh97fmSgFSU8B61nxosxA==}

  jiti@2.4.2:
    resolution: {integrity: sha512-rg9zJN+G4n2nfJl5MW3BMygZX56zKPNVEYYqq7adpmMh4Jn2QNEwhvQlFy6jPVdcod7txZtKHWnyZiA3a0zP7A==}
    hasBin: true

  preact-iso@2.9.1:
    resolution: {integrity: sha512-65+oY5FHeSC3mjq2Dg6v72HYjsTYTqI9hXl1BK6vtUkxwfCqDJ5aqk33zjOH3aSuCY7duWiulyqMQ53GXpPIIQ==}
    peerDependencies:
      preact: '>=10'
      preact-render-to-string: '>=6.4.0'

  preact-render-to-string@6.5.13:
    resolution: {integrity: sha512-iGPd+hKPMFKsfpR2vL4kJ6ZPcFIoWZEcBf0Dpm3zOpdVvj77aY8RlLiQji5OMrngEyaxGogeakTb54uS2FvA6w==}
    peerDependencies:
      preact: '>=10'

  preact@10.26.5:
    resolution: {integrity: sha512-fmpDkgfGU6JYux9teDWLhj9mKN55tyepwYbxHgQuIxbWQzgFg5vk7Mrrtfx7xRxq798ynkY4DDDxZr235Kk+4w==}

  tslib@2.8.1:
    resolution: {integrity: sha512-oJFu94HQb+KVduSUQL7wnpmqnfmLsOA/nAh6b6EH0wCEoK0/mPeXU6c3wKDV83MkOuHPRHtSXKKU99IBazS/2w==}

  typescript@5.8.3:
    resolution: {integrity: sha512-p1diW6TqL9L07nNxvRMM7hMMw4c5XOo/1ibL4aAIGmSAt9slTE1Xgw5KWuof2uTOvCg9BY7ZRi+GaF+7sfgPeQ==}
    engines: {node: '>=14.17'}
    hasBin: true

snapshots:

  '@biomejs/biome@1.9.4':
    optionalDependencies:
      '@biomejs/cli-darwin-arm64': 1.9.4
      '@biomejs/cli-darwin-x64': 1.9.4
      '@biomejs/cli-linux-arm64': 1.9.4
      '@biomejs/cli-linux-arm64-musl': 1.9.4
      '@biomejs/cli-linux-x64': 1.9.4
      '@biomejs/cli-linux-x64-musl': 1.9.4
      '@biomejs/cli-win32-arm64': 1.9.4
      '@biomejs/cli-win32-x64': 1.9.4

  '@biomejs/cli-darwin-arm64@1.9.4':
    optional: true

  '@biomejs/cli-darwin-x64@1.9.4':
    optional: true

  '@biomejs/cli-linux-arm64-musl@1.9.4':
    optional: true

  '@biomejs/cli-linux-arm64@1.9.4':
    optional: true

  '@biomejs/cli-linux-x64-musl@1.9.4':
    optional: true

  '@biomejs/cli-linux-x64@1.9.4':
    optional: true

  '@biomejs/cli-win32-arm64@1.9.4':
    optional: true

  '@biomejs/cli-win32-x64@1.9.4':
    optional: true

  '@module-federation/error-codes@0.11.2': {}

  '@module-federation/runtime-core@0.11.2':
    dependencies:
      '@module-federation/error-codes': 0.11.2
      '@module-federation/sdk': 0.11.2

  '@module-federation/runtime-tools@0.11.2':
    dependencies:
      '@module-federation/runtime': 0.11.2
      '@module-federation/webpack-bundler-runtime': 0.11.2

  '@module-federation/runtime@0.11.2':
    dependencies:
      '@module-federation/error-codes': 0.11.2
      '@module-federation/runtime-core': 0.11.2
      '@module-federation/sdk': 0.11.2

  '@module-federation/sdk@0.11.2': {}

  '@module-federation/webpack-bundler-runtime@0.11.2':
    dependencies:
      '@module-federation/runtime': 0.11.2
      '@module-federation/sdk': 0.11.2

  '@prefresh/core@1.5.3(preact@10.26.5)':
    dependencies:
      preact: 10.26.5

  '@prefresh/utils@1.2.0': {}

  '@rsbuild/core@1.3.5':
    dependencies:
      '@rspack/core': 1.3.3(@swc/helpers@0.5.15)
      '@rspack/lite-tapable': 1.0.1
      '@swc/helpers': 0.5.15
      core-js: 3.41.0
      jiti: 2.4.2
    transitivePeerDependencies:
      - '@rspack/tracing'

  '@rsbuild/plugin-preact@1.3.1(@rsbuild/core@1.3.5)(preact@10.26.5)':
    dependencies:
      '@prefresh/core': 1.5.3(preact@10.26.5)
      '@prefresh/utils': 1.2.0
      '@rsbuild/core': 1.3.5
      '@rspack/plugin-preact-refresh': 1.1.2(@prefresh/core@1.5.3(preact@10.26.5))(@prefresh/utils@1.2.0)
      '@swc/plugin-prefresh': 6.3.2
    transitivePeerDependencies:
      - preact

  '@rspack/binding-darwin-arm64@1.3.3':
    optional: true

  '@rspack/binding-darwin-x64@1.3.3':
    optional: true

  '@rspack/binding-linux-arm64-gnu@1.3.3':
    optional: true

  '@rspack/binding-linux-arm64-musl@1.3.3':
    optional: true

  '@rspack/binding-linux-x64-gnu@1.3.3':
    optional: true

  '@rspack/binding-linux-x64-musl@1.3.3':
    optional: true

  '@rspack/binding-win32-arm64-msvc@1.3.3':
    optional: true

  '@rspack/binding-win32-ia32-msvc@1.3.3':
    optional: true

  '@rspack/binding-win32-x64-msvc@1.3.3':
    optional: true

  '@rspack/binding@1.3.3':
    optionalDependencies:
      '@rspack/binding-darwin-arm64': 1.3.3
      '@rspack/binding-darwin-x64': 1.3.3
      '@rspack/binding-linux-arm64-gnu': 1.3.3
      '@rspack/binding-linux-arm64-musl': 1.3.3
      '@rspack/binding-linux-x64-gnu': 1.3.3
      '@rspack/binding-linux-x64-musl': 1.3.3
      '@rspack/binding-win32-arm64-msvc': 1.3.3
      '@rspack/binding-win32-ia32-msvc': 1.3.3
      '@rspack/binding-win32-x64-msvc': 1.3.3

  '@rspack/core@1.3.3(@swc/helpers@0.5.15)':
    dependencies:
      '@module-federation/runtime-tools': 0.11.2
      '@rspack/binding': 1.3.3
      '@rspack/lite-tapable': 1.0.1
      caniuse-lite: 1.0.30001712
    optionalDependencies:
      '@swc/helpers': 0.5.15

  '@rspack/lite-tapable@1.0.1': {}

  '@rspack/plugin-preact-refresh@1.1.2(@prefresh/core@1.5.3(preact@10.26.5))(@prefresh/utils@1.2.0)':
    dependencies:
      '@prefresh/core': 1.5.3(preact@10.26.5)
      '@prefresh/utils': 1.2.0

  '@swc/counter@0.1.3': {}

  '@swc/helpers@0.5.15':
    dependencies:
      tslib: 2.8.1

  '@swc/plugin-prefresh@6.3.2':
    dependencies:
      '@swc/counter': 0.1.3

  caniuse-lite@1.0.30001712: {}

  core-js@3.41.0: {}

  jiti@2.4.2: {}

  preact-iso@2.9.1(preact-render-to-string@6.5.13(preact@10.26.5))(preact@10.26.5):
    dependencies:
      preact: 10.26.5
      preact-render-to-string: 6.5.13(preact@10.26.5)

  preact-render-to-string@6.5.13(preact@10.26.5):
    dependencies:
      preact: 10.26.5

  preact@10.26.5: {}

  tslib@2.8.1: {}

  typescript@5.8.3: {}
